
Microsoft Visual Studio Solution File, Format Version 12.00
# Visual Studio Version 17
VisualStudioVersion = 17.8.34330.188
MinimumVisualStudioVersion = 10.0.40219.1
Project("{FAE04EC0-301F-11D3-BF4B-00C04F79EFBC}") = "helper", "helper\helper.csproj", "{967B8103-AA31-403A-ABD7-528453CE7EB9}"
EndProject
Global
	GlobalSection(SolutionConfigurationPlatforms) = preSolution
		Debug|Any CPU = Debug|Any CPU
		Release|Any CPU = Release|Any CPU
	EndGlobalSection
	GlobalSection(ProjectConfigurationPlatforms) = postSolution
		{967B8103-AA31-403A-ABD7-528453CE7EB9}.Debug|Any CPU.ActiveCfg = Debug|Any CPU
		{967B8103-AA31-403A-ABD7-528453CE7EB9}.Debug|Any CPU.Build.0 = Debug|Any CPU
		{967B8103-AA31-403A-ABD7-528453CE7EB9}.Release|Any CPU.ActiveCfg = Release|Any CPU
		{967B8103-AA31-403A-ABD7-528453CE7EB9}.Release|Any CPU.Build.0 = Release|Any CPU
	EndGlobalSection
	GlobalSection(SolutionProperties) = preSolution
		HideSolutionNode = FALSE
	EndGlobalSection
	GlobalSection(ExtensibilityGlobals) = postSolution
		SolutionGuid = {1E99D75A-B79E-4236-B1CE-90883B56F356}
	EndGlobalSection
EndGlobal
